
Microsoft Visual Studio Solution File, Format Version 12.00
# Visual Studio Version 16
VisualStudioVersion = 16.0.30011.22
MinimumVisualStudioVersion = 10.0.40219.1
Project("{FAE04EC0-301F-11D3-BF4B-00C04F79EFBC}") = "UberPlug", "UberPlug\UberPlug.csproj", "{C704ACF0-B247-4723-B982-0EE94DA12F79}"
EndProject
Global
	GlobalSection(SolutionConfigurationPlatforms) = preSolution
		Debug|Any CPU = Debug|Any CPU
		Release|Any CPU = Release|Any CPU
	EndGlobalSection
	GlobalSection(ProjectConfigurationPlatforms) = postSolution
		{C704ACF0-B247-4723-B982-0EE94DA12F79}.Debug|Any CPU.ActiveCfg = Debug|Any CPU
		{C704ACF0-B247-4723-B982-0EE94DA12F79}.Debug|Any CPU.Build.0 = Debug|Any CPU
		{C704ACF0-B247-4723-B982-0EE94DA12F79}.Release|Any CPU.ActiveCfg = Release|Any CPU
		{C704ACF0-B247-4723-B982-0EE94DA12F79}.Release|Any CPU.Build.0 = Release|Any CPU
	EndGlobalSection
	GlobalSection(SolutionProperties) = preSolution
		HideSolutionNode = FALSE
	EndGlobalSection
	GlobalSection(ExtensibilityGlobals) = postSolution
		SolutionGuid = {0D7C1EF3-D4F0-4FD4-8BC5-9E4DF176476C}
	EndGlobalSection
EndGlobal
